// !$*UTF8*$!
{
	archiveVersion = 1;
	classes = {
	};
	objectVersion = 50;
	objects = {

/* Begin PBXBuildFile section */
		A82406F4242B60E100FE75B3 /* AppDelegate.swift in Sources */ = {isa = PBXBuildFile; fileRef = A82406F3242B60E100FE75B3 /* AppDelegate.swift */; };
		A82406F6242B60E100FE75B3 /* SceneDelegate.swift in Sources */ = {isa = PBXBuildFile; fileRef = A82406F5242B60E100FE75B3 /* SceneDelegate.swift */; };
		A82406F8242B60E100FE75B3 /* ContentView.swift in Sources */ = {isa = PBXBuildFile; fileRef = A82406F7242B60E100FE75B3 /* ContentView.swift */; };
		A82406FA242B60E400FE75B3 /* Assets.xcassets in Resources */ = {isa = PBXBuildFile; fileRef = A82406F9242B60E400FE75B3 /* Assets.xcassets */; };
		A82406FD242B60E400FE75B3 /* Preview Assets.xcassets in Resources */ = {isa = PBXBuildFile; fileRef = A82406FC242B60E400FE75B3 /* Preview Assets.xcassets */; };
		A8240700242B60E400FE75B3 /* LaunchScreen.storyboard in Resources */ = {isa = PBXBuildFile; fileRef = A82406FE242B60E400FE75B3 /* LaunchScreen.storyboard */; };
		A824070B242B60E400FE75B3 /* JasonDictionaryTests.swift in Sources */ = {isa = PBXBuildFile; fileRef = A824070A242B60E400FE75B3 /* JasonDictionaryTests.swift */; };
		A8240716242B60E400FE75B3 /* JasonDictionaryUITests.swift in Sources */ = {isa = PBXBuildFile; fileRef = A8240715242B60E400FE75B3 /* JasonDictionaryUITests.swift */; };
/* End PBXBuildFile section */

/* Begin PBXContainerItemProxy section */
		A8240707242B60E400FE75B3 /* PBXContainerItemProxy */ = {
			isa = PBXContainerItemProxy;
			containerPortal = A82406E8242B60E100FE75B3 /* Project object */;
			proxyType = 1;
			remoteGlobalIDString = A82406EF242B60E100FE75B3;
			remoteInfo = JasonDictionary;
		};
		A8240712242B60E400FE75B3 /* PBXContainerItemProxy */ = {
			isa = PBXContainerItemProxy;
			containerPortal = A82406E8242B60E100FE75B3 /* Project object */;
			proxyType = 1;
			remoteGlobalIDString = A82406EF242B60E100FE75B3;
			remoteInfo = JasonDictionary;
		};
/* End PBXContainerItemProxy section */

/* Begin PBXFileReference section */
		A82406F0242B60E100FE75B3 /* JasonDictionary.app */ = {isa = PBXFileReference; explicitFileType = wrapper.application; includeInIndex = 0; path = JasonDictionary.app; sourceTree = BUILT_PRODUCTS_DIR; };
		A82406F3242B60E100FE75B3 /* AppDelegate.swift */ = {isa = PBXFileReference; lastKnownFileType = sourcecode.swift; path = AppDelegate.swift; sourceTree = "<group>"; };
		A82406F5242B60E100FE75B3 /* SceneDelegate.swift */ = {isa = PBXFileReference; lastKnownFileType = sourcecode.swift; path = SceneDelegate.swift; sourceTree = "<group>"; };
		A82406F7242B60E100FE75B3 /* ContentView.swift */ = {isa = PBXFileReference; lastKnownFileType = sourcecode.swift; path = ContentView.swift; sourceTree = "<group>"; };
		A82406F9242B60E400FE75B3 /* Assets.xcassets */ = {isa = PBXFileReference; lastKnownFileType = folder.assetcatalog; path = Assets.xcassets; sourceTree = "<group>"; };
		A82406FC242B60E400FE75B3 /* Preview Assets.xcassets */ = {isa = PBXFileReference; lastKnownFileType = folder.assetcatalog; path = "Preview Assets.xcassets"; sourceTree = "<group>"; };
		A82406FF242B60E400FE75B3 /* Base */ = {isa = PBXFileReference; lastKnownFileType = file.storyboard; name = Base; path = Base.lproj/LaunchScreen.storyboard; sourceTree = "<group>"; };
		A8240701242B60E400FE75B3 /* Info.plist */ = {isa = PBXFileReference; lastKnownFileType = text.plist.xml; path = Info.plist; sourceTree = "<group>"; };
		A8240706242B60E400FE75B3 /* JasonDictionaryTests.xctest */ = {isa = PBXFileReference; explicitFileType = wrapper.cfbundle; includeInIndex = 0; path = JasonDictionaryTests.xctest; sourceTree = BUILT_PRODUCTS_DIR; };
		A824070A242B60E400FE75B3 /* JasonDictionaryTests.swift */ = {isa = PBXFileReference; lastKnownFileType = sourcecode.swift; path = JasonDictionaryTests.swift; sourceTree = "<group>"; };
		A824070C242B60E400FE75B3 /* Info.plist */ = {isa = PBXFileReference; lastKnownFileType = text.plist.xml; path = Info.plist; sourceTree = "<group>"; };
		A8240711242B60E400FE75B3 /* JasonDictionaryUITests.xctest */ = {isa = PBXFileReference; explicitFileType = wrapper.cfbundle; includeInIndex = 0; path = JasonDictionaryUITests.xctest; sourceTree = BUILT_PRODUCTS_DIR; };
		A8240715242B60E400FE75B3 /* JasonDictionaryUITests.swift */ = {isa = PBXFileReference; lastKnownFileType = sourcecode.swift; path = JasonDictionaryUITests.swift; sourceTree = "<group>"; };
		A8240717242B60E400FE75B3 /* Info.plist */ = {isa = PBXFileReference; lastKnownFileType = text.plist.xml; path = Info.plist; sourceTree = "<group>"; };
/* End PBXFileReference section */

/* Begin PBXFrameworksBuildPhase section */
		A82406ED242B60E100FE75B3 /* Frameworks */ = {
			isa = PBXFrameworksBuildPhase;
			buildActionMask = 2147483647;
			files = (
			);
			runOnlyForDeploymentPostprocessing = 0;
		};
		A8240703242B60E400FE75B3 /* Frameworks */ = {
			isa = PBXFrameworksBuildPhase;
			buildActionMask = 2147483647;
			files = (
			);
			runOnlyForDeploymentPostprocessing = 0;
		};
		A824070E242B60E400FE75B3 /* Frameworks */ = {
			isa = PBXFrameworksBuildPhase;
			buildActionMask = 2147483647;
			files = (
			);
			runOnlyForDeploymentPostprocessing = 0;
		};
/* End PBXFrameworksBuildPhase section */

/* Begin PBXGroup section */
		A82406E7242B60E100FE75B3 = {
			isa = PBXGroup;
			children = (
				A82406F2242B60E100FE75B3 /* JasonDictionary */,
				A8240709242B60E400FE75B3 /* JasonDictionaryTests */,
				A8240714242B60E400FE75B3 /* JasonDictionaryUITests */,
				A82406F1242B60E100FE75B3 /* Products */,
			);
			sourceTree = "<group>";
		};
		A82406F1242B60E100FE75B3 /* Products */ = {
			isa = PBXGroup;
			children = (
				A82406F0242B60E100FE75B3 /* JasonDictionary.app */,
				A8240706242B60E400FE75B3 /* JasonDictionaryTests.xctest */,
				A8240711242B60E400FE75B3 /* JasonDictionaryUITests.xctest */,
			);
			name = Products;
			sourceTree = "<group>";
		};
		A82406F2242B60E100FE75B3 /* JasonDictionary */ = {
			isa = PBXGroup;
			children = (
				A82406F3242B60E100FE75B3 /* AppDelegate.swift */,
				A82406F5242B60E100FE75B3 /* SceneDelegate.swift */,
				A82406F7242B60E100FE75B3 /* ContentView.swift */,
				A82406F9242B60E400FE75B3 /* Assets.xcassets */,
				A82406FE242B60E400FE75B3 /* LaunchScreen.storyboard */,
				A8240701242B60E400FE75B3 /* Info.plist */,
				A82406FB242B60E400FE75B3 /* Preview Content */,
			);
			path = JasonDictionary;
			sourceTree = "<group>";
		};
		A82406FB242B60E400FE75B3 /* Preview Content */ = {
			isa = PBXGroup;
			children = (
				A82406FC242B60E400FE75B3 /* Preview Assets.xcassets */,
			);
			path = "Preview Content";
			sourceTree = "<group>";
		};
		A8240709242B60E400FE75B3 /* JasonDictionaryTests */ = {
			isa = PBXGroup;
			children = (
				A824070A242B60E400FE75B3 /* JasonDictionaryTests.swift */,
				A824070C242B60E400FE75B3 /* Info.plist */,
			);
			path = JasonDictionaryTests;
			sourceTree = "<group>";
		};
		A8240714242B60E400FE75B3 /* JasonDictionaryUITests */ = {
			isa = PBXGroup;
			children = (
				A8240715242B60E400FE75B3 /* JasonDictionaryUITests.swift */,
				A8240717242B60E400FE75B3 /* Info.plist */,
			);
			path = JasonDictionaryUITests;
			sourceTree = "<group>";
		};
/* End PBXGroup section */

/* Begin PBXNativeTarget section */
		A82406EF242B60E100FE75B3 /* JasonDictionary */ = {
			isa = PBXNativeTarget;
			buildConfigurationList = A824071A242B60E400FE75B3 /* Build configuration list for PBXNativeTarget "JasonDictionary" */;
			buildPhases = (
				A82406EC242B60E100FE75B3 /* Sources */,
				A82406ED242B60E100FE75B3 /* Frameworks */,
				A82406EE242B60E100FE75B3 /* Resources */,
			);
			buildRules = (
			);
			dependencies = (
			);
			name = JasonDictionary;
			productName = JasonDictionary;
			productReference = A82406F0242B60E100FE75B3 /* JasonDictionary.app */;
			productType = "com.apple.product-type.application";
		};
		A8240705242B60E400FE75B3 /* JasonDictionaryTests */ = {
			isa = PBXNativeTarget;
			buildConfigurationList = A824071D242B60E400FE75B3 /* Build configuration list for PBXNativeTarget "JasonDictionaryTests" */;
			buildPhases = (
				A8240702242B60E400FE75B3 /* Sources */,
				A8240703242B60E400FE75B3 /* Frameworks */,
				A8240704242B60E400FE75B3 /* Resources */,
			);
			buildRules = (
			);
			dependencies = (
				A8240708242B60E400FE75B3 /* PBXTargetDependency */,
			);
			name = JasonDictionaryTests;
			productName = JasonDictionaryTests;
			productReference = A8240706242B60E400FE75B3 /* JasonDictionaryTests.xctest */;
			productType = "com.apple.product-type.bundle.unit-test";
		};
		A8240710242B60E400FE75B3 /* JasonDictionaryUITests */ = {
			isa = PBXNativeTarget;
			buildConfigurationList = A8240720242B60E400FE75B3 /* Build configuration list for PBXNativeTarget "JasonDictionaryUITests" */;
			buildPhases = (
				A824070D242B60E400FE75B3 /* Sources */,
				A824070E242B60E400FE75B3 /* Frameworks */,
				A824070F242B60E400FE75B3 /* Resources */,
			);
			buildRules = (
			);
			dependencies = (
				A8240713242B60E400FE75B3 /* PBXTargetDependency */,
			);
			name = JasonDictionaryUITests;
			productName = JasonDictionaryUITests;
			productReference = A8240711242B60E400FE75B3 /* JasonDictionaryUITests.xctest */;
			productType = "com.apple.product-type.bundle.ui-testing";
		};
/* End PBXNativeTarget section */

/* Begin PBXProject section */
		A82406E8242B60E100FE75B3 /* Project object */ = {
			isa = PBXProject;
			attributes = {
				LastSwiftUpdateCheck = 1130;
				LastUpgradeCheck = 1130;
				ORGANIZATIONNAME = "Jason Zhang";
				TargetAttributes = {
					A82406EF242B60E100FE75B3 = {
						CreatedOnToolsVersion = 11.3.1;
					};
					A8240705242B60E400FE75B3 = {
						CreatedOnToolsVersion = 11.3.1;
						TestTargetID = A82406EF242B60E100FE75B3;
					};
					A8240710242B60E400FE75B3 = {
						CreatedOnToolsVersion = 11.3.1;
						TestTargetID = A82406EF242B60E100FE75B3;
					};
				};
			};
			buildConfigurationList = A82406EB242B60E100FE75B3 /* Build configuration list for PBXProject "JasonDictionary" */;
			compatibilityVersion = "Xcode 9.3";
			developmentRegion = en;
			hasScannedForEncodings = 0;
			knownRegions = (
				en,
				Base,
			);
			mainGroup = A82406E7242B60E100FE75B3;
			productRefGroup = A82406F1242B60E100FE75B3 /* Products */;
			projectDirPath = "";
			projectRoot = "";
			targets = (
				A82406EF242B60E100FE75B3 /* JasonDictionary */,
				A8240705242B60E400FE75B3 /* JasonDictionaryTests */,
				A8240710242B60E400FE75B3 /* JasonDictionaryUITests */,
			);
		};
/* End PBXProject section */

/* Begin PBXResourcesBuildPhase section */
		A82406EE242B60E100FE75B3 /* Resources */ = {
			isa = PBXResourcesBuildPhase;
			buildActionMask = 2147483647;
			files = (
				A8240700242B60E400FE75B3 /* LaunchScreen.storyboard in Resources */,
				A82406FD242B60E400FE75B3 /* Preview Assets.xcassets in Resources */,
				A82406FA242B60E400FE75B3 /* Assets.xcassets in Resources */,
			);
			runOnlyForDeploymentPostprocessing = 0;
		};
		A8240704242B60E400FE75B3 /* Resources */ = {
			isa = PBXResourcesBuildPhase;
			buildActionMask = 2147483647;
			files = (
			);
			runOnlyForDeploymentPostprocessing = 0;
		};
		A824070F242B60E400FE75B3 /* Resources */ = {
			isa = PBXResourcesBuildPhase;
			buildActionMask = 2147483647;
			files = (
			);
			runOnlyForDeploymentPostprocessing = 0;
		};
/* End PBXResourcesBuildPhase section */

/* Begin PBXSourcesBuildPhase section */
		A82406EC242B60E100FE75B3 /* Sources */ = {
			isa = PBXSourcesBuildPhase;
			buildActionMask = 2147483647;
			files = (
				A82406F4242B60E100FE75B3 /* AppDelegate.swift in Sources */,
				A82406F6242B60E100FE75B3 /* SceneDelegate.swift in Sources */,
				A82406F8242B60E100FE75B3 /* ContentView.swift in Sources */,
			);
			runOnlyForDeploymentPostprocessing = 0;
		};
		A8240702242B60E400FE75B3 /* Sources */ = {
			isa = PBXSourcesBuildPhase;
			buildActionMask = 2147483647;
			files = (
				A824070B242B60E400FE75B3 /* JasonDictionaryTests.swift in Sources */,
			);
			runOnlyForDeploymentPostprocessing = 0;
		};
		A824070D242B60E400FE75B3 /* Sources */ = {
			isa = PBXSourcesBuildPhase;
			buildActionMask = 2147483647;
			files = (
				A8240716242B60E400FE75B3 /* JasonDictionaryUITests.swift in Sources */,
			);
			runOnlyForDeploymentPostprocessing = 0;
		};
/* End PBXSourcesBuildPhase section */

/* Begin PBXTargetDependency section */
		A8240708242B60E400FE75B3 /* PBXTargetDependency */ = {
			isa = PBXTargetDependency;
			target = A82406EF242B60E100FE75B3 /* JasonDictionary */;
			targetProxy = A8240707242B60E400FE75B3 /* PBXContainerItemProxy */;
		};
		A8240713242B60E400FE75B3 /* PBXTargetDependency */ = {
			isa = PBXTargetDependency;
			target = A82406EF242B60E100FE75B3 /* JasonDictionary */;
			targetProxy = A8240712242B60E400FE75B3 /* PBXContainerItemProxy */;
		};
/* End PBXTargetDependency section */

/* Begin PBXVariantGroup section */
		A82406FE242B60E400FE75B3 /* LaunchScreen.storyboard */ = {
			isa = PBXVariantGroup;
			children = (
				A82406FF242B60E400FE75B3 /* Base */,
			);
			name = LaunchScreen.storyboard;
			sourceTree = "<group>";
		};
/* End PBXVariantGroup section */

/* Begin XCBuildConfiguration section */
		A8240718242B60E400FE75B3 /* Debug */ = {
			isa = XCBuildConfiguration;
			buildSettings = {
				ALWAYS_SEARCH_USER_PATHS = NO;
				CLANG_ANALYZER_NONNULL = YES;
				CLANG_ANALYZER_NUMBER_OBJECT_CONVERSION = YES_AGGRESSIVE;
				CLANG_CXX_LANGUAGE_STANDARD = "gnu++14";
				CLANG_CXX_LIBRARY = "libc++";
				CLANG_ENABLE_MODULES = YES;
				CLANG_ENABLE_OBJC_ARC = YES;
				CLANG_ENABLE_OBJC_WEAK = YES;
				CLANG_WARN_BLOCK_CAPTURE_AUTORELEASING = YES;
				CLANG_WARN_BOOL_CONVERSION = YES;
				CLANG_WARN_COMMA = YES;
				CLANG_WARN_CONSTANT_CONVERSION = YES;
				CLANG_WARN_DEPRECATED_OBJC_IMPLEMENTATIONS = YES;
				CLANG_WARN_DIRECT_OBJC_ISA_USAGE = YES_ERROR;
				CLANG_WARN_DOCUMENTATION_COMMENTS = YES;
				CLANG_WARN_EMPTY_BODY = YES;
				CLANG_WARN_ENUM_CONVERSION = YES;
				CLANG_WARN_INFINITE_RECURSION = YES;
				CLANG_WARN_INT_CONVERSION = YES;
				CLANG_WARN_NON_LITERAL_NULL_CONVERSION = YES;
				CLANG_WARN_OBJC_IMPLICIT_RETAIN_SELF = YES;
				CLANG_WARN_OBJC_LITERAL_CONVERSION = YES;
				CLANG_WARN_OBJC_ROOT_CLASS = YES_ERROR;
				CLANG_WARN_RANGE_LOOP_ANALYSIS = YES;
				CLANG_WARN_STRICT_PROTOTYPES = YES;
				CLANG_WARN_SUSPICIOUS_MOVE = YES;
				CLANG_WARN_UNGUARDED_AVAILABILITY = YES_AGGRESSIVE;
				CLANG_WARN_UNREACHABLE_CODE = YES;
				CLANG_WARN__DUPLICATE_METHOD_MATCH = YES;
				COPY_PHASE_STRIP = NO;
				DEBUG_INFORMATION_FORMAT = dwarf;
				ENABLE_STRICT_OBJC_MSGSEND = YES;
				ENABLE_TESTABILITY = YES;
				GCC_C_LANGUAGE_STANDARD = gnu11;
				GCC_DYNAMIC_NO_PIC = NO;
				GCC_NO_COMMON_BLOCKS = YES;
				GCC_OPTIMIZATION_LEVEL = 0;
				GCC_PREPROCESSOR_DEFINITIONS = (
					"DEBUG=1",
					"$(inherited)",
				);
				GCC_WARN_64_TO_32_BIT_CONVERSION = YES;
				GCC_WARN_ABOUT_RETURN_TYPE = YES_ERROR;
				GCC_WARN_UNDECLARED_SELECTOR = YES;
				GCC_WARN_UNINITIALIZED_AUTOS = YES_AGGRESSIVE;
				GCC_WARN_UNUSED_FUNCTION = YES;
				GCC_WARN_UNUSED_VARIABLE = YES;
				IPHONEOS_DEPLOYMENT_TARGET = 13.2;
				MTL_ENABLE_DEBUG_INFO = INCLUDE_SOURCE;
				MTL_FAST_MATH = YES;
				ONLY_ACTIVE_ARCH = YES;
				SDKROOT = iphoneos;
				SWIFT_ACTIVE_COMPILATION_CONDITIONS = DEBUG;
				SWIFT_OPTIMIZATION_LEVEL = "-Onone";
			};
			name = Debug;
		};
		A8240719242B60E400FE75B3 /* Release */ = {
			isa = XCBuildConfiguration;
			buildSettings = {
				ALWAYS_SEARCH_USER_PATHS = NO;
				CLANG_ANALYZER_NONNULL = YES;
				CLANG_ANALYZER_NUMBER_OBJECT_CONVERSION = YES_AGGRESSIVE;
				CLANG_CXX_LANGUAGE_STANDARD = "gnu++14";
				CLANG_CXX_LIBRARY = "libc++";
				CLANG_ENABLE_MODULES = YES;
				CLANG_ENABLE_OBJC_ARC = YES;
				CLANG_ENABLE_OBJC_WEAK = YES;
				CLANG_WARN_BLOCK_CAPTURE_AUTORELEASING = YES;
				CLANG_WARN_BOOL_CONVERSION = YES;
				CLANG_WARN_COMMA = YES;
				CLANG_WARN_CONSTANT_CONVERSION = YES;
				CLANG_WARN_DEPRECATED_OBJC_IMPLEMENTATIONS = YES;
				CLANG_WARN_DIRECT_OBJC_ISA_USAGE = YES_ERROR;
				CLANG_WARN_DOCUMENTATION_COMMENTS = YES;
				CLANG_WARN_EMPTY_BODY = YES;
				CLANG_WARN_ENUM_CONVERSION = YES;
				CLANG_WARN_INFINITE_RECURSION = YES;
				CLANG_WARN_INT_CONVERSION = YES;
				CLANG_WARN_NON_LITERAL_NULL_CONVERSION = YES;
				CLANG_WARN_OBJC_IMPLICIT_RETAIN_SELF = YES;
				CLANG_WARN_OBJC_LITERAL_CONVERSION = YES;
				CLANG_WARN_OBJC_ROOT_CLASS = YES_ERROR;
				CLANG_WARN_RANGE_LOOP_ANALYSIS = YES;
				CLANG_WARN_STRICT_PROTOTYPES = YES;
				CLANG_WARN_SUSPICIOUS_MOVE = YES;
				CLANG_WARN_UNGUARDED_AVAILABILITY = YES_AGGRESSIVE;
				CLANG_WARN_UNREACHABLE_CODE = YES;
				CLANG_WARN__DUPLICATE_METHOD_MATCH = YES;
				COPY_PHASE_STRIP = NO;
				DEBUG_INFORMATION_FORMAT = "dwarf-with-dsym";
				ENABLE_NS_ASSERTIONS = NO;
				ENABLE_STRICT_OBJC_MSGSEND = YES;
				GCC_C_LANGUAGE_STANDARD = gnu11;
				GCC_NO_COMMON_BLOCKS = YES;
				GCC_WARN_64_TO_32_BIT_CONVERSION = YES;
				GCC_WARN_ABOUT_RETURN_TYPE = YES_ERROR;
				GCC_WARN_UNDECLARED_SELECTOR = YES;
				GCC_WARN_UNINITIALIZED_AUTOS = YES_AGGRESSIVE;
				GCC_WARN_UNUSED_FUNCTION = YES;
				GCC_WARN_UNUSED_VARIABLE = YES;
				IPHONEOS_DEPLOYMENT_TARGET = 13.2;
				MTL_ENABLE_DEBUG_INFO = NO;
				MTL_FAST_MATH = YES;
				SDKROOT = iphoneos;
				SWIFT_COMPILATION_MODE = wholemodule;
				SWIFT_OPTIMIZATION_LEVEL = "-O";
				VALIDATE_PRODUCT = YES;
			};
			name = Release;
		};
		A824071B242B60E400FE75B3 /* Debug */ = {
			isa = XCBuildConfiguration;
			buildSettings = {
				ASSETCATALOG_COMPILER_APPICON_NAME = AppIcon;
				CODE_SIGN_STYLE = Automatic;
				DEVELOPMENT_ASSET_PATHS = "\"JasonDictionary/Preview Content\"";
				ENABLE_PREVIEWS = YES;
				INFOPLIST_FILE = JasonDictionary/Info.plist;
				LD_RUNPATH_SEARCH_PATHS = (
					"$(inherited)",
					"@executable_path/Frameworks",
				);
				PRODUCT_BUNDLE_IDENTIFIER = org.jason.JasonDictionary;
				PRODUCT_NAME = "$(TARGET_NAME)";
				SWIFT_VERSION = 5.0;
				TARGETED_DEVICE_FAMILY = "1,2";
			};
			name = Debug;
		};
		A824071C242B60E400FE75B3 /* Release */ = {
			isa = XCBuildConfiguration;
			buildSettings = {
				ASSETCATALOG_COMPILER_APPICON_NAME = AppIcon;
				CODE_SIGN_STYLE = Automatic;
				DEVELOPMENT_ASSET_PATHS = "\"JasonDictionary/Preview Content\"";
				ENABLE_PREVIEWS = YES;
				INFOPLIST_FILE = JasonDictionary/Info.plist;
				LD_RUNPATH_SEARCH_PATHS = (
					"$(inherited)",
					"@executable_path/Frameworks",
				);
				PRODUCT_BUNDLE_IDENTIFIER = org.jason.JasonDictionary;
				PRODUCT_NAME = "$(TARGET_NAME)";
				SWIFT_VERSION = 5.0;
				TARGETED_DEVICE_FAMILY = "1,2";
			};
			name = Release;
		};
		A824071E242B60E400FE75B3 /* Debug */ = {
			isa = XCBuildConfiguration;
			buildSettings = {
				ALWAYS_EMBED_SWIFT_STANDARD_LIBRARIES = YES;
				BUNDLE_LOADER = "$(TEST_HOST)";
				CODE_SIGN_STYLE = Automatic;
				INFOPLIST_FILE = JasonDictionaryTests/Info.plist;
				IPHONEOS_DEPLOYMENT_TARGET = 13.2;
				LD_RUNPATH_SEARCH_PATHS = (
					"$(inherited)",
					"@executable_path/Frameworks",
					"@loader_path/Frameworks",
				);
				PRODUCT_BUNDLE_IDENTIFIER = org.jason.JasonDictionaryTests;
				PRODUCT_NAME = "$(TARGET_NAME)";
				SWIFT_VERSION = 5.0;
				TARGETED_DEVICE_FAMILY = "1,2";
				TEST_HOST = "$(BUILT_PRODUCTS_DIR)/JasonDictionary.app/JasonDictionary";
			};
			name = Debug;
		};
		A824071F242B60E400FE75B3 /* Release */ = {
			isa = XCBuildConfiguration;
			buildSettings = {
				ALWAYS_EMBED_SWIFT_STANDARD_LIBRARIES = YES;
				BUNDLE_LOADER = "$(TEST_HOST)";
				CODE_SIGN_STYLE = Automatic;
				INFOPLIST_FILE = JasonDictionaryTests/Info.plist;
				IPHONEOS_DEPLOYMENT_TARGET = 13.2;
				LD_RUNPATH_SEARCH_PATHS = (
					"$(inherited)",
					"@executable_path/Frameworks",
					"@loader_path/Frameworks",
				);
				PRODUCT_BUNDLE_IDENTIFIER = org.jason.JasonDictionaryTests;
				PRODUCT_NAME = "$(TARGET_NAME)";
				SWIFT_VERSION = 5.0;
				TARGETED_DEVICE_FAMILY = "1,2";
				TEST_HOST = "$(BUILT_PRODUCTS_DIR)/JasonDictionary.app/JasonDictionary";
			};
			name = Release;
		};
		A8240721242B60E400FE75B3 /* Debug */ = {
			isa = XCBuildConfiguration;
			buildSettings = {
				ALWAYS_EMBED_SWIFT_STANDARD_LIBRARIES = YES;
				CODE_SIGN_STYLE = Automatic;
				INFOPLIST_FILE = JasonDictionaryUITests/Info.plist;
				LD_RUNPATH_SEARCH_PATHS = (
					"$(inherited)",
					"@executable_path/Frameworks",
					"@loader_path/Frameworks",
				);
				PRODUCT_BUNDLE_IDENTIFIER = org.jason.JasonDictionaryUITests;
				PRODUCT_NAME = "$(TARGET_NAME)";
				SWIFT_VERSION = 5.0;
				TARGETED_DEVICE_FAMILY = "1,2";
				TEST_TARGET_NAME = JasonDictionary;
			};
			name = Debug;
		};
		A8240722242B60E400FE75B3 /* Release */ = {
			isa = XCBuildConfiguration;
			buildSettings = {
				ALWAYS_EMBED_SWIFT_STANDARD_LIBRARIES = YES;
				CODE_SIGN_STYLE = Automatic;
				INFOPLIST_FILE = JasonDictionaryUITests/Info.plist;
				LD_RUNPATH_SEARCH_PATHS = (
					"$(inherited)",
					"@executable_path/Frameworks",
					"@loader_path/Frameworks",
				);
				PRODUCT_BUNDLE_IDENTIFIER = org.jason.JasonDictionaryUITests;
				PRODUCT_NAME = "$(TARGET_NAME)";
				SWIFT_VERSION = 5.0;
				TARGETED_DEVICE_FAMILY = "1,2";
				TEST_TARGET_NAME = JasonDictionary;
			};
			name = Release;
		};
/* End XCBuildConfiguration section */

/* Begin XCConfigurationList section */
		A82406EB242B60E100FE75B3 /* Build configuration list for PBXProject "JasonDictionary" */ = {
			isa = XCConfigurationList;
			buildConfigurations = (
				A8240718242B60E400FE75B3 /* Debug */,
				A8240719242B60E400FE75B3 /* Release */,
			);
			defaultConfigurationIsVisible = 0;
			defaultConfigurationName = Release;
		};
		A824071A242B60E400FE75B3 /* Build configuration list for PBXNativeTarget "JasonDictionary" */ = {
			isa = XCConfigurationList;
			buildConfigurations = (
				A824071B242B60E400FE75B3 /* Debug */,
				A824071C242B60E400FE75B3 /* Release */,
			);
			defaultConfigurationIsVisible = 0;
			defaultConfigurationName = Release;
		};
		A824071D242B60E400FE75B3 /* Build configuration list for PBXNativeTarget "JasonDictionaryTests" */ = {
			isa = XCConfigurationList;
			buildConfigurations = (
				A824071E242B60E400FE75B3 /* Debug */,
				A824071F242B60E400FE75B3 /* Release */,
			);
			defaultConfigurationIsVisible = 0;
			defaultConfigurationName = Release;
		};
		A8240720242B60E400FE75B3 /* Build configuration list for PBXNativeTarget "JasonDictionaryUITests" */ = {
			isa = XCConfigurationList;
			buildConfigurations = (
				A8240721242B60E400FE75B3 /* Debug */,
				A8240722242B60E400FE75B3 /* Release */,
			);
			defaultConfigurationIsVisible = 0;
			defaultConfigurationName = Release;
		};
/* End XCConfigurationList section */
	};
	rootObject = A82406E8242B60E100FE75B3 /* Project object */;
}
